
Microsoft Visual Studio Solution File, Format Version 12.00
# Visual Studio 2012
Project("{FAE04EC0-301F-11D3-BF4B-00C04F79EFBC}") = "ConsoleAppWhile1", "ConsoleAppWhile1\ConsoleAppWhile1.csproj", "{0F244B64-086F-4205-9BA0-9BE61B91A52C}"
EndProject
Global
	GlobalSection(SolutionConfigurationPlatforms) = preSolution
		Debug|Any CPU = Debug|Any CPU
		Release|Any CPU = Release|Any CPU
	EndGlobalSection
	GlobalSection(ProjectConfigurationPlatforms) = postSolution
		{0F244B64-086F-4205-9BA0-9BE61B91A52C}.Debug|Any CPU.ActiveCfg = Debug|Any CPU
		{0F244B64-086F-4205-9BA0-9BE61B91A52C}.Debug|Any CPU.Build.0 = Debug|Any CPU
		{0F244B64-086F-4205-9BA0-9BE61B91A52C}.Release|Any CPU.ActiveCfg = Release|Any CPU
		{0F244B64-086F-4205-9BA0-9BE61B91A52C}.Release|Any CPU.Build.0 = Release|Any CPU
	EndGlobalSection
	GlobalSection(SolutionProperties) = preSolution
		HideSolutionNode = FALSE
	EndGlobalSection
EndGlobal
